
Microsoft Visual Studio Solution File, Format Version 12.00
# Visual Studio Version 17
VisualStudioVersion = 17.8.34330.188
MinimumVisualStudioVersion = 10.0.40219.1
Project("{FAE04EC0-301F-11D3-BF4B-00C04F79EFBC}") = "apCaluladoraBugada", "apCaluladoraBugada\apCaluladoraBugada.csproj", "{B41CC56E-5473-4B1E-8DEE-477CF64B55DB}"
EndProject
Global
	GlobalSection(SolutionConfigurationPlatforms) = preSolution
		Debug|Any CPU = Debug|Any CPU
		Release|Any CPU = Release|Any CPU
	EndGlobalSection
	GlobalSection(ProjectConfigurationPlatforms) = postSolution
		{B41CC56E-5473-4B1E-8DEE-477CF64B55DB}.Debug|Any CPU.ActiveCfg = Debug|Any CPU
		{B41CC56E-5473-4B1E-8DEE-477CF64B55DB}.Debug|Any CPU.Build.0 = Debug|Any CPU
		{B41CC56E-5473-4B1E-8DEE-477CF64B55DB}.Release|Any CPU.ActiveCfg = Release|Any CPU
		{B41CC56E-5473-4B1E-8DEE-477CF64B55DB}.Release|Any CPU.Build.0 = Release|Any CPU
	EndGlobalSection
	GlobalSection(SolutionProperties) = preSolution
		HideSolutionNode = FALSE
	EndGlobalSection
	GlobalSection(ExtensibilityGlobals) = postSolution
		SolutionGuid = {ADFA79B0-EB94-43F2-BBF3-20120C71D916}
	EndGlobalSection
EndGlobal
